# This file is autogenerated, do not edit; changes may be undone by the next 'dep ensure'.


[[projects]]
  name = "github.com/dchest/siphash"
  packages = ["."]
  revision = "4ebf1de738443ea7f45f02dc394c4df1942a126d"
  version = "v1.1.0"

[solve-meta]
  analyzer-name = "dep"
  analyzer-version = 1
  inputs-digest = "f10a62969509b9bc3d1b059eb4888bd35c4b038b7152e682c1c1071be7dff1ba"
  solver-name = "gps-cdcl"
  solver-version = 1
