github.com/OneOfOne/xxhash v1.2.2 h1:KMrpdQIwFcEqXDklaen+P1axHaj9BSKzvpUUfnHldSE=
github.com/OneOfOne/xxhash v1.2.2/go.mod h1:HSdplMjZKSmBqAxg5vPj2TmRDmfkzw+cTzAElWljhcU=
github.com/alphadose/haxmap v0.2.1-0.20220828165710-add810974d4f h1:up6qKu3lIXQ4H3AyJovBy0Tp6Ug++aveneLrUv7TyNo=
github.com/alphadose/haxmap v0.2.1-0.20220828165710-add810974d4f/go.mod h1:Fu37Wlmj7cR++vSLgRTu3fGy8wpjHGmMypM2aclkc1A=
github.com/alphadose/haxmap v0.2.1 h1:ioHHBBj0P/+TmlF1uMOGOB9/3abZWncHEsJCfUC2bC0=
github.com/alphadose/haxmap v0.2.1/go.mod h1:Fu37Wlmj7cR++vSLgRTu3fGy8wpjHGmMypM2aclkc1A=
github.com/alphadose/haxmap v0.2.2-0.20220829041207-9dcd5e601a18 h1:TKxqcdbOHjdE98DTsfiFzCJO3B8nBiDkrC73kK9QXtc=
github.com/alphadose/haxmap v0.2.2-0.20220829041207-9dcd5e601a18/go.mod h1:Fu37Wlmj7cR++vSLgRTu3fGy8wpjHGmMypM2aclkc1A=
github.com/alphadose/haxmap v0.2.2 h1:Dl74rdR4W00rw4qZj4itaEYsVSETn3hh4oMnjbD8AJM=
github.com/alphadose/haxmap v0.2.2/go.mod h1:Fu37Wlmj7cR++vSLgRTu3fGy8wpjHGmMypM2aclkc1A=
github.com/alphadose/haxmap v0.2.3-0.20220831011845-eee8abe05d83 h1:lvLThENZJIV2prJKB1YNFjz/zc/G3X1FS9hsYXO0frs=
github.com/alphadose/haxmap v0.2.3-0.20220831011845-eee8abe05d83/go.mod h1:Fu37Wlmj7cR++vSLgRTu3fGy8wpjHGmMypM2aclkc1A=
github.com/alphadose/haxmap v0.3.1-0.20220831034947-0d601bb44159 h1:Vy5DvT2YgH2NsdIEZQDZztNZdzIkL/I8ZxInZjPRdj0=
github.com/alphadose/haxmap v0.3.1-0.20220831034947-0d601bb44159/go.mod h1:Fu37Wlmj7cR++vSLgRTu3fGy8wpjHGmMypM2aclkc1A=
github.com/cespare/xxhash v1.1.0 h1:a6HrQnmkObjyL+Gs60czilIUGqrzKutQD6XZog3p+ko=
github.com/cespare/xxhash v1.1.0/go.mod h1:XrSqR1VqqWfGrhpAt58auRo0WTKS1nRRg3ghfAqPWnc=
github.com/davecgh/go-spew v1.1.1 h1:vj9j/u1bqnvCEfJOwUhtlOARqs3+rkHYY13jYWTU97c=
github.com/pmezard/go-difflib v1.0.0 h1:4DBwDE0NGyQoBHbLQYPwSUPoCMWR5BEzIk/f1lZbAQM=
github.com/spaolacci/murmur3 v0.0.0-20180118202830-f09979ecbc72 h1:qLC7fQah7D6K1B0ujays3HV9gkFtllcxhzImRR7ArPQ=
github.com/spaolacci/murmur3 v0.0.0-20180118202830-f09979ecbc72/go.mod h1:JwIasOWyU6f++ZhiEuf87xNszmSA2myDM2Kzu9HwQUA=
github.com/stretchr/testify v1.8.0 h1:pSgiaMZlXftHpm5L7V1+rVB+AZJydKsMxsQBIJw4PKk=
gopkg.in/yaml.v3 v3.0.1 h1:fxVm/GzAzEWqLHuvctI91KS9hhNmmWOoWu0XTYJS7CA=
